<?xml version="1.0" encoding="utf-8"?>
<Project ToolsVersion="4.0" xmlns="http://schemas.microsoft.com/developer/msbuild/2003">
  <ItemGroup>
    <Filter Include="Source Files">
      <UniqueIdentifier>{4FC737F1-C7A5-4376-A066-2A32D752A2FF}</UniqueIdentifier>
      <Extensions>cpp;c;cc;cxx;def;odl;idl;hpj;bat;asm;asmx</Extensions>
    </Filter>
    <Filter Include="Header Files">
      <UniqueIdentifier>{93995380-89BD-4b04-88EB-625FBE52EBFB}</UniqueIdentifier>
      <Extensions>h;hh;hpp;hxx;hm;inl;inc;ipp;xsd</Extensions>
    </Filter>
    <Filter Include="Resource Files">
      <UniqueIdentifier>{67DA6AB6-F800-4c08-8B7A-83BB121AAD01}</UniqueIdentifier>
      <Extensions>rc;ico;cur;bmp;dlg;rc2;rct;bin;rgs;gif;jpg;jpeg;jpe;resx;tiff;tif;png;wav;mfcribbon-ms</Extensions>
    </Filter>
  </ItemGroup>
  <ItemGroup>
    <ClCompile Include="source\main.cpp">
      <Filter>Source Files</Filter>
    </ClCompile>
    <ClCompile Include="source\Wyvern_Engine.cpp">
      <Filter>Source Files</Filter>
    </ClCompile>
    <ClCompile Include="source\Input\Input_Handler.cpp">
      <Filter>Source Files</Filter>
    </ClCompile>
    <ClCompile Include="source\Input\Keyboard.cpp">
      <Filter>Source Files</Filter>
    </ClCompile>
    <ClCompile Include="source\Vector2.cpp">
      <Filter>Source Files</Filter>
    </ClCompile>
    <ClCompile Include="source\Game_Object.cpp">
      <Filter>Source Files</Filter>
    </ClCompile>
    <ClCompile Include="source\Time.cpp">
      <Filter>Source Files</Filter>
    </ClCompile>
    <ClCompile Include="source\World.cpp">
      <Filter>Source Files</Filter>
    </ClCompile>
    <ClCompile Include="source\Input\Mouse.cpp">
      <Filter>Source Files</Filter>
    </ClCompile>
    <ClCompile Include="source\Wyvern_Game.cpp">
      <Filter>Source Files</Filter>
    </ClCompile>
    <ClCompile Include="source\Components\Component.cpp">
      <Filter>Source Files</Filter>
    </ClCompile>
    <ClCompile Include="source\Components\Render_Component.cpp">
      <Filter>Source Files</Filter>
    </ClCompile>
    <ClCompile Include="source\Components\Input_Component.cpp">
      <Filter>Source Files</Filter>
    </ClCompile>
    <ClCompile Include="source\Components\Transform_Component.cpp">
      <Filter>Source Files</Filter>
    </ClCompile>
    <ClCompile Include="source\Player.cpp">
      <Filter>Source Files</Filter>
    </ClCompile>
    <ClCompile Include="source\Texture_Manager.cpp">
      <Filter>Source Files</Filter>
    </ClCompile>
    <ClCompile Include="source\Camera.cpp">
      <Filter>Source Files</Filter>
    </ClCompile>
    <ClCompile Include="source\Entity.cpp">
      <Filter>Source Files</Filter>
    </ClCompile>
    <ClCompile Include="source\Engine\SDL_Pipeline.cpp">
      <Filter>Source Files</Filter>
    </ClCompile>
    <ClCompile Include="source\Grass.cpp">
      <Filter>Source Files</Filter>
    </ClCompile>
    <ClCompile Include="source\Sheep.cpp">
      <Filter>Source Files</Filter>
    </ClCompile>
    <ClCompile Include="source\Wolf.cpp">
      <Filter>Source Files</Filter>
    </ClCompile>
  </ItemGroup>
  <ItemGroup>
    <ClInclude Include="header\Wyvern_Engine.h">
      <Filter>Header Files</Filter>
    </ClInclude>
    <ClInclude Include="header\Input\Input_Handler.h">
      <Filter>Header Files</Filter>
    </ClInclude>
    <ClInclude Include="header\Input\Keyboard.h">
      <Filter>Header Files</Filter>
    </ClInclude>
    <ClInclude Include="header\Entity.h">
      <Filter>Header Files</Filter>
    </ClInclude>
    <ClInclude Include="header\Vector2.h">
      <Filter>Header Files</Filter>
    </ClInclude>
    <ClInclude Include="header\Game_Object.h">
      <Filter>Header Files</Filter>
    </ClInclude>
    <ClInclude Include="header\Time.h">
      <Filter>Header Files</Filter>
    </ClInclude>
    <ClInclude Include="header\World.h">
      <Filter>Header Files</Filter>
    </ClInclude>
    <ClInclude Include="header\Input\Mouse.h">
      <Filter>Header Files</Filter>
    </ClInclude>
    <ClInclude Include="header\Collision_Detection\Collision.h">
      <Filter>Header Files</Filter>
    </ClInclude>
    <ClInclude Include="header\Collision_Detection\Collider.h">
      <Filter>Header Files</Filter>
    </ClInclude>
    <ClInclude Include="header\Wyvern_Game.h">
      <Filter>Header Files</Filter>
    </ClInclude>
    <ClInclude Include="header\Components\Component.h">
      <Filter>Header Files</Filter>
    </ClInclude>
    <ClInclude Include="header\Components\Render_Component.h">
      <Filter>Header Files</Filter>
    </ClInclude>
    <ClInclude Include="header\Components\Input_Component.h">
      <Filter>Header Files</Filter>
    </ClInclude>
    <ClInclude Include="header\Components\Transform_Component.h">
      <Filter>Header Files</Filter>
    </ClInclude>
    <ClInclude Include="header\Player.h">
      <Filter>Header Files</Filter>
    </ClInclude>
    <ClInclude Include="header\Cache.h">
      <Filter>Header Files</Filter>
    </ClInclude>
    <ClInclude Include="header\Texture_Manager.h">
      <Filter>Header Files</Filter>
    </ClInclude>
    <ClInclude Include="header\Camera.h">
      <Filter>Header Files</Filter>
    </ClInclude>
    <ClInclude Include="header\Service.h">
      <Filter>Header Files</Filter>
    </ClInclude>
    <ClInclude Include="header\Engine\SDL_Pipeline.h">
      <Filter>Header Files</Filter>
    </ClInclude>
    <ClInclude Include="header\Grass..h">
      <Filter>Header Files</Filter>
    </ClInclude>
    <ClInclude Include="header\Agent.h">
      <Filter>Header Files</Filter>
    </ClInclude>
    <ClInclude Include="header\Grid\Tile.h">
      <Filter>Header Files</Filter>
    </ClInclude>
    <ClInclude Include="header\Grid\Grid.h">
      <Filter>Header Files</Filter>
    </ClInclude>
    <ClInclude Include="header\Wolf.h">
      <Filter>Header Files</Filter>
    </ClInclude>
    <ClInclude Include="header\Sheep.h">
      <Filter>Header Files</Filter>
    </ClInclude>
    <ClInclude Include="header\Settings.h">
      <Filter>Header Files</Filter>
    </ClInclude>
  </ItemGroup>
  <ItemGroup>
    <None Include="ClassDiagram.cd" />
  </ItemGroup>
</Project>