<?xml version="1.0" encoding="utf-8"?>
<Project ToolsVersion="4.0" xmlns="http://schemas.microsoft.com/developer/msbuild/2003">
  <ItemGroup>
    <ClCompile Include="source\Camera.cpp" />
    <ClCompile Include="source\Components\Input_Component.cpp" />
    <ClCompile Include="source\Components\Component.cpp" />
    <ClCompile Include="source\Components\Render_Component.cpp" />
    <ClCompile Include="source\Engine\SDL_Pipeline.cpp" />
    <ClCompile Include="source\Entity.cpp" />
    <ClCompile Include="source\Game_Object.cpp" />
    <ClCompile Include="source\Grass.cpp" />
    <ClCompile Include="source\Input\Input_Handler.cpp" />
    <ClCompile Include="source\Input\Keyboard.cpp" />
    <ClCompile Include="source\Input\Mouse.cpp" />
    <ClCompile Include="source\main.cpp" />
    <ClCompile Include="source\Player.cpp" />
    <ClCompile Include="source\Sheep.cpp" />
    <ClCompile Include="source\Time.cpp" />
    <ClCompile Include="source\Vector2.cpp" />
    <ClCompile Include="source\Wolf.cpp" />
    <ClCompile Include="source\World.cpp" />
    <ClCompile Include="source\Wyvern_Engine.cpp" />
    <ClCompile Include="source\Wyvern_Game.cpp" />
    <ClCompile Include="source\Components\Transform_Component.cpp" />
    <ClCompile Include="source\Engine\Texture_Manager.cpp" />
    <ClCompile Include="source\Grid\Grid.cpp" />
    <ClCompile Include="source\Components\AI_Component.cpp" />
    <ClCompile Include="source\Components\AI_Grass_Component.cpp" />
    <ClCompile Include="source\Components\AI_Sheep_Component.cpp" />
    <ClCompile Include="source\Lehmer32.cpp" />
  </ItemGroup>
  <ItemGroup>
    <ClInclude Include="header\Cache.h" />
    <ClInclude Include="header\Camera.h" />
    <ClInclude Include="header\Collision_Detection\Collider.h" />
    <ClInclude Include="header\Collision_Detection\Collision.h" />
    <ClInclude Include="header\Components\Component.h" />
    <ClInclude Include="header\Engine\SDL_Pipeline.h" />
    <ClInclude Include="header\Entity.h" />
    <ClInclude Include="header\Game_Object.h" />
    <ClInclude Include="header\Grid\Grid.h" />
    <ClInclude Include="header\Input\Input_Handler.h" />
    <ClInclude Include="header\Input\Keyboard.h" />
    <ClInclude Include="header\Input\Mouse.h" />
    <ClInclude Include="header\Player.h" />
    <ClInclude Include="header\Service.h" />
    <ClInclude Include="header\Settings.h" />
    <ClInclude Include="header\Sheep.h" />
    <ClInclude Include="header\Texture_Manager.h" />
    <ClInclude Include="header\Time.h" />
    <ClInclude Include="header\Vector2.h" />
    <ClInclude Include="header\Wolf.h" />
    <ClInclude Include="header\World.h" />
    <ClInclude Include="header\Wyvern_Engine.h" />
    <ClInclude Include="header\Wyvern_Game.h" />
    <ClInclude Include="header\Components\Transform_Component.h" />
    <ClInclude Include="header\Components\Render_Component.h" />
    <ClInclude Include="header\Components\Input_Component.h" />
    <ClInclude Include="header\Engine\Texture_Manager.h" />
    <ClInclude Include="header\Engine\Cache.h" />
    <ClInclude Include="header\Grass.h" />
    <ClInclude Include="header\Components\AI_Component.h" />
    <ClInclude Include="header\Components\AI_Grass_Component.h" />
    <ClInclude Include="header\Lehmer32.h" />
    <ClInclude Include="header\Components\AI_Sheep_Component.h" />
  </ItemGroup>
  <ItemGroup>
    <None Include="ClassDiagram.cd" />
  </ItemGroup>
</Project>