
Microsoft Visual Studio Solution File, Format Version 12.00
# Visual Studio Version 16
VisualStudioVersion = 16.0.29709.97
MinimumVisualStudioVersion = 10.0.40219.1
Project("{8BC9CEB8-8B4A-11D0-8D11-00A0C91BC942}") = "ECS", "ECS\ECS.vcxproj", "{39FA3030-663C-4F1C-BFE3-5692DE00D752}"
EndProject
Global
	GlobalSection(SolutionConfigurationPlatforms) = preSolution
		Debug|x64 = Debug|x64
		Release|x64 = Release|x64
	EndGlobalSection
	GlobalSection(ProjectConfigurationPlatforms) = postSolution
		{39FA3030-663C-4F1C-BFE3-5692DE00D752}.Debug|x64.ActiveCfg = Debug|x64
		{39FA3030-663C-4F1C-BFE3-5692DE00D752}.Debug|x64.Build.0 = Debug|x64
		{39FA3030-663C-4F1C-BFE3-5692DE00D752}.Release|x64.ActiveCfg = Release|x64
		{39FA3030-663C-4F1C-BFE3-5692DE00D752}.Release|x64.Build.0 = Release|x64
	EndGlobalSection
	GlobalSection(SolutionProperties) = preSolution
		HideSolutionNode = FALSE
	EndGlobalSection
	GlobalSection(ExtensibilityGlobals) = postSolution
		SolutionGuid = {7402326B-1AD0-474E-8012-15A26BC53FCE}
	EndGlobalSection
EndGlobal
